
Microsoft Visual Studio Solution File, Format Version 12.00
# Visual Studio 2012
Project("{FAE04EC0-301F-11D3-BF4B-00C04F79EFBC}") = "MoviesMobileApp", "MoviesMobileApp\MoviesMobileApp.csproj", "{D25E291D-C021-42D3-9C20-2ADD9A154A9A}"
EndProject
Project("{FAE04EC0-301F-11D3-BF4B-00C04F79EFBC}") = "MoviesMobileApp.iOS", "iOS\MoviesMobileApp.iOS.csproj", "{C2879464-C824-43C3-A1FC-502C41910913}"
EndProject
Project("{FAE04EC0-301F-11D3-BF4B-00C04F79EFBC}") = "MoviesMobileApp.Droid", "Droid\MoviesMobileApp.Droid.csproj", "{02748C9E-D47B-4AB8-88F2-08F32B948A5E}"
EndProject
Project("{FAE04EC0-301F-11D3-BF4B-00C04F79EFBC}") = "MoviesMobileApp.Service", "MoviesMobileApp.Service\MoviesMobileApp.Service.csproj", "{44AD6AD7-7961-4BE8-8B53-502C82CF10FE}"
EndProject
Global
	GlobalSection(SolutionConfigurationPlatforms) = preSolution
		Debug|Any CPU = Debug|Any CPU
		Release|Any CPU = Release|Any CPU
		Debug|iPhoneSimulator = Debug|iPhoneSimulator
		Release|iPhone = Release|iPhone
		Release|iPhoneSimulator = Release|iPhoneSimulator
		Debug|iPhone = Debug|iPhone
	EndGlobalSection
	GlobalSection(ProjectConfigurationPlatforms) = postSolution
		{D25E291D-C021-42D3-9C20-2ADD9A154A9A}.Debug|Any CPU.ActiveCfg = Debug|Any CPU
		{D25E291D-C021-42D3-9C20-2ADD9A154A9A}.Debug|Any CPU.Build.0 = Debug|Any CPU
		{D25E291D-C021-42D3-9C20-2ADD9A154A9A}.Release|Any CPU.ActiveCfg = Release|Any CPU
		{D25E291D-C021-42D3-9C20-2ADD9A154A9A}.Release|Any CPU.Build.0 = Release|Any CPU
		{D25E291D-C021-42D3-9C20-2ADD9A154A9A}.Debug|iPhoneSimulator.ActiveCfg = Debug|Any CPU
		{D25E291D-C021-42D3-9C20-2ADD9A154A9A}.Debug|iPhoneSimulator.Build.0 = Debug|Any CPU
		{D25E291D-C021-42D3-9C20-2ADD9A154A9A}.Release|iPhone.ActiveCfg = Release|Any CPU
		{D25E291D-C021-42D3-9C20-2ADD9A154A9A}.Release|iPhone.Build.0 = Release|Any CPU
		{D25E291D-C021-42D3-9C20-2ADD9A154A9A}.Release|iPhoneSimulator.ActiveCfg = Release|Any CPU
		{D25E291D-C021-42D3-9C20-2ADD9A154A9A}.Release|iPhoneSimulator.Build.0 = Release|Any CPU
		{D25E291D-C021-42D3-9C20-2ADD9A154A9A}.Debug|iPhone.ActiveCfg = Debug|Any CPU
		{D25E291D-C021-42D3-9C20-2ADD9A154A9A}.Debug|iPhone.Build.0 = Debug|Any CPU
		{C2879464-C824-43C3-A1FC-502C41910913}.Debug|Any CPU.ActiveCfg = Debug|iPhoneSimulator
		{C2879464-C824-43C3-A1FC-502C41910913}.Debug|Any CPU.Build.0 = Debug|iPhoneSimulator
		{C2879464-C824-43C3-A1FC-502C41910913}.Release|Any CPU.ActiveCfg = Release|iPhone
		{C2879464-C824-43C3-A1FC-502C41910913}.Release|Any CPU.Build.0 = Release|iPhone
		{C2879464-C824-43C3-A1FC-502C41910913}.Debug|iPhoneSimulator.ActiveCfg = Debug|iPhoneSimulator
		{C2879464-C824-43C3-A1FC-502C41910913}.Debug|iPhoneSimulator.Build.0 = Debug|iPhoneSimulator
		{C2879464-C824-43C3-A1FC-502C41910913}.Release|iPhone.ActiveCfg = Release|iPhone
		{C2879464-C824-43C3-A1FC-502C41910913}.Release|iPhone.Build.0 = Release|iPhone
		{C2879464-C824-43C3-A1FC-502C41910913}.Release|iPhoneSimulator.ActiveCfg = Release|iPhoneSimulator
		{C2879464-C824-43C3-A1FC-502C41910913}.Release|iPhoneSimulator.Build.0 = Release|iPhoneSimulator
		{C2879464-C824-43C3-A1FC-502C41910913}.Debug|iPhone.ActiveCfg = Debug|iPhone
		{C2879464-C824-43C3-A1FC-502C41910913}.Debug|iPhone.Build.0 = Debug|iPhone
		{02748C9E-D47B-4AB8-88F2-08F32B948A5E}.Debug|Any CPU.ActiveCfg = Debug|Any CPU
		{02748C9E-D47B-4AB8-88F2-08F32B948A5E}.Debug|Any CPU.Build.0 = Debug|Any CPU
		{02748C9E-D47B-4AB8-88F2-08F32B948A5E}.Release|Any CPU.ActiveCfg = Release|Any CPU
		{02748C9E-D47B-4AB8-88F2-08F32B948A5E}.Release|Any CPU.Build.0 = Release|Any CPU
		{02748C9E-D47B-4AB8-88F2-08F32B948A5E}.Debug|iPhoneSimulator.ActiveCfg = Debug|Any CPU
		{02748C9E-D47B-4AB8-88F2-08F32B948A5E}.Debug|iPhoneSimulator.Build.0 = Debug|Any CPU
		{02748C9E-D47B-4AB8-88F2-08F32B948A5E}.Release|iPhone.ActiveCfg = Release|Any CPU
		{02748C9E-D47B-4AB8-88F2-08F32B948A5E}.Release|iPhone.Build.0 = Release|Any CPU
		{02748C9E-D47B-4AB8-88F2-08F32B948A5E}.Release|iPhoneSimulator.ActiveCfg = Release|Any CPU
		{02748C9E-D47B-4AB8-88F2-08F32B948A5E}.Release|iPhoneSimulator.Build.0 = Release|Any CPU
		{02748C9E-D47B-4AB8-88F2-08F32B948A5E}.Debug|iPhone.ActiveCfg = Debug|Any CPU
		{02748C9E-D47B-4AB8-88F2-08F32B948A5E}.Debug|iPhone.Build.0 = Debug|Any CPU
		{44AD6AD7-7961-4BE8-8B53-502C82CF10FE}.Debug|Any CPU.ActiveCfg = Debug|Any CPU
		{44AD6AD7-7961-4BE8-8B53-502C82CF10FE}.Debug|Any CPU.Build.0 = Debug|Any CPU
		{44AD6AD7-7961-4BE8-8B53-502C82CF10FE}.Release|Any CPU.ActiveCfg = Release|Any CPU
		{44AD6AD7-7961-4BE8-8B53-502C82CF10FE}.Release|Any CPU.Build.0 = Release|Any CPU
		{44AD6AD7-7961-4BE8-8B53-502C82CF10FE}.Debug|iPhoneSimulator.ActiveCfg = Debug|Any CPU
		{44AD6AD7-7961-4BE8-8B53-502C82CF10FE}.Debug|iPhoneSimulator.Build.0 = Debug|Any CPU
		{44AD6AD7-7961-4BE8-8B53-502C82CF10FE}.Release|iPhone.ActiveCfg = Release|Any CPU
		{44AD6AD7-7961-4BE8-8B53-502C82CF10FE}.Release|iPhone.Build.0 = Release|Any CPU
		{44AD6AD7-7961-4BE8-8B53-502C82CF10FE}.Release|iPhoneSimulator.ActiveCfg = Release|Any CPU
		{44AD6AD7-7961-4BE8-8B53-502C82CF10FE}.Release|iPhoneSimulator.Build.0 = Release|Any CPU
		{44AD6AD7-7961-4BE8-8B53-502C82CF10FE}.Debug|iPhone.ActiveCfg = Debug|Any CPU
		{44AD6AD7-7961-4BE8-8B53-502C82CF10FE}.Debug|iPhone.Build.0 = Debug|Any CPU
	EndGlobalSection
EndGlobal
